
Microsoft Visual Studio Solution File, Format Version 12.00
# Visual Studio Version 17
VisualStudioVersion = 17.6.33723.286
MinimumVisualStudioVersion = 10.0.40219.1
Project("{FAE04EC0-301F-11D3-BF4B-00C04F79EFBC}") = "Hospital", "Hospital\Hospital.csproj", "{60FFA732-4BBB-47AB-95A2-33B9B63F1F51}"
EndProject
Global
	GlobalSection(SolutionConfigurationPlatforms) = preSolution
		Debug|Any CPU = Debug|Any CPU
		Release|Any CPU = Release|Any CPU
	EndGlobalSection
	GlobalSection(ProjectConfigurationPlatforms) = postSolution
		{60FFA732-4BBB-47AB-95A2-33B9B63F1F51}.Debug|Any CPU.ActiveCfg = Debug|Any CPU
		{60FFA732-4BBB-47AB-95A2-33B9B63F1F51}.Debug|Any CPU.Build.0 = Debug|Any CPU
		{60FFA732-4BBB-47AB-95A2-33B9B63F1F51}.Release|Any CPU.ActiveCfg = Release|Any CPU
		{60FFA732-4BBB-47AB-95A2-33B9B63F1F51}.Release|Any CPU.Build.0 = Release|Any CPU
	EndGlobalSection
	GlobalSection(SolutionProperties) = preSolution
		HideSolutionNode = FALSE
	EndGlobalSection
	GlobalSection(ExtensibilityGlobals) = postSolution
		SolutionGuid = {C8E5BB39-E235-4F76-A34F-3B3F878A3498}
	EndGlobalSection
EndGlobal
